
Microsoft Visual Studio Solution File, Format Version 12.00
# Visual Studio Version 16
VisualStudioVersion = 16.0.33927.289
MinimumVisualStudioVersion = 10.0.40219.1
Project("{2150E333-8FDC-42A3-9474-1A3956D46DE8}") = "Task0", "Task0", "{96B9C480-0358-472E-80B3-C6312E8B4A7A}"
EndProject
Project("{FAE04EC0-301F-11D3-BF4B-00C04F79EFBC}") = "Tyuiu.TitkovAA.Sprint0.Task0.V0", "Tyuiu.TitkovAA.Sprint0.Task0.V0\Tyuiu.TitkovAA.Sprint0.Task0.V0.csproj", "{10829697-0EC5-43C6-BCEE-3BE114F5FEE3}"
EndProject
Project("{2150E333-8FDC-42A3-9474-1A3956D46DE8}") = "Task1", "Task1", "{9009E170-B760-4B00-9BE5-0278ED628AE5}"
EndProject
Project("{FAE04EC0-301F-11D3-BF4B-00C04F79EFBC}") = "Tyuiu.TitkovAA.Sprint0.Task1.V0", "Tyuiu.TitkovAA.Sprint0.Task1.V0\Tyuiu.TitkovAA.Sprint0.Task1.V0.csproj", "{3141414C-FBEE-41CF-ADD4-6CADCF2D0A56}"
EndProject
Project("{2150E333-8FDC-42A3-9474-1A3956D46DE8}") = "Task2", "Task2", "{DCF7E67F-D631-4B36-834E-8A1F637F3078}"
EndProject
Project("{FAE04EC0-301F-11D3-BF4B-00C04F79EFBC}") = "Tyuiu.TitkovAA.Sprint0.Task2.V0", "Tyuiu.TitkovAA.Sprint0.Task2.V0\Tyuiu.TitkovAA.Sprint0.Task2.V0.csproj", "{2959BC10-3D24-4A57-8EFC-EEDF6E556981}"
EndProject
Project("{FAE04EC0-301F-11D3-BF4B-00C04F79EFBC}") = "Tyuiu.TitkovAA.Sprint0.Task2.V0.Lib", "Tyuiu.TitkovAA.Sprint0.Task2.V0.Lib\Tyuiu.TitkovAA.Sprint0.Task2.V0.Lib.csproj", "{D98626CF-2335-4D93-91D3-E52E3156739D}"
EndProject
Project("{FAE04EC0-301F-11D3-BF4B-00C04F79EFBC}") = "Tyuiu.TitkovAA.Sprint0.Task2.V0.Test", "Tyuiu.TitkovAA.Sprint0.Task2.V0.Test\Tyuiu.TitkovAA.Sprint0.Task2.V0.Test.csproj", "{D91EC51B-572F-4ADB-A62E-6905009B0A21}"
EndProject
Project("{2150E333-8FDC-42A3-9474-1A3956D46DE8}") = "Task3", "Task3", "{0282B4FA-CA34-4912-BA35-55620C1DDE53}"
EndProject
Project("{FAE04EC0-301F-11D3-BF4B-00C04F79EFBC}") = "Tyuiu.TitkovAA.Sprint0.Task3.V0", "Tyuiu.TitkovAA.Sprint0.Task3.V0\Tyuiu.TitkovAA.Sprint0.Task3.V0.csproj", "{AF62EE42-871D-4868-99B2-D16C1845CD7F}"
EndProject
Project("{FAE04EC0-301F-11D3-BF4B-00C04F79EFBC}") = "Tyuiu.TitkovAA.Sprint0.Task3.V0.Test", "Tyuiu.TitkovAA.Sprint0.Task3.V0.Test\Tyuiu.TitkovAA.Sprint0.Task3.V0.Test.csproj", "{3DAD381E-D3E4-475F-818E-77E78A57F65A}"
EndProject
Project("{FAE04EC0-301F-11D3-BF4B-00C04F79EFBC}") = "Tyuiu.TitkovAA.Sprint0.Task3.V0.Lib", "Tyuiu.TitkovAA.Sprint0.Task3.V0.Lib\Tyuiu.TitkovAA.Sprint0.Task3.V0.Lib.csproj", "{6FDEA791-BF4A-453E-9B4F-344F75DEDD70}"
EndProject
Global
	GlobalSection(SolutionConfigurationPlatforms) = preSolution
		Debug|Any CPU = Debug|Any CPU
		Debug|x64 = Debug|x64
		Debug|x86 = Debug|x86
		Release|Any CPU = Release|Any CPU
		Release|x64 = Release|x64
		Release|x86 = Release|x86
	EndGlobalSection
	GlobalSection(ProjectConfigurationPlatforms) = postSolution
		{10829697-0EC5-43C6-BCEE-3BE114F5FEE3}.Debug|Any CPU.ActiveCfg = Debug|Any CPU
		{10829697-0EC5-43C6-BCEE-3BE114F5FEE3}.Debug|Any CPU.Build.0 = Debug|Any CPU
		{10829697-0EC5-43C6-BCEE-3BE114F5FEE3}.Debug|x64.ActiveCfg = Debug|Any CPU
		{10829697-0EC5-43C6-BCEE-3BE114F5FEE3}.Debug|x64.Build.0 = Debug|Any CPU
		{10829697-0EC5-43C6-BCEE-3BE114F5FEE3}.Debug|x86.ActiveCfg = Debug|Any CPU
		{10829697-0EC5-43C6-BCEE-3BE114F5FEE3}.Debug|x86.Build.0 = Debug|Any CPU
		{10829697-0EC5-43C6-BCEE-3BE114F5FEE3}.Release|Any CPU.ActiveCfg = Release|Any CPU
		{10829697-0EC5-43C6-BCEE-3BE114F5FEE3}.Release|Any CPU.Build.0 = Release|Any CPU
		{10829697-0EC5-43C6-BCEE-3BE114F5FEE3}.Release|x64.ActiveCfg = Release|Any CPU
		{10829697-0EC5-43C6-BCEE-3BE114F5FEE3}.Release|x64.Build.0 = Release|Any CPU
		{10829697-0EC5-43C6-BCEE-3BE114F5FEE3}.Release|x86.ActiveCfg = Release|Any CPU
		{10829697-0EC5-43C6-BCEE-3BE114F5FEE3}.Release|x86.Build.0 = Release|Any CPU
		{3141414C-FBEE-41CF-ADD4-6CADCF2D0A56}.Debug|Any CPU.ActiveCfg = Debug|Any CPU
		{3141414C-FBEE-41CF-ADD4-6CADCF2D0A56}.Debug|Any CPU.Build.0 = Debug|Any CPU
		{3141414C-FBEE-41CF-ADD4-6CADCF2D0A56}.Debug|x64.ActiveCfg = Debug|Any CPU
		{3141414C-FBEE-41CF-ADD4-6CADCF2D0A56}.Debug|x64.Build.0 = Debug|Any CPU
		{3141414C-FBEE-41CF-ADD4-6CADCF2D0A56}.Debug|x86.ActiveCfg = Debug|Any CPU
		{3141414C-FBEE-41CF-ADD4-6CADCF2D0A56}.Debug|x86.Build.0 = Debug|Any CPU
		{3141414C-FBEE-41CF-ADD4-6CADCF2D0A56}.Release|Any CPU.ActiveCfg = Release|Any CPU
		{3141414C-FBEE-41CF-ADD4-6CADCF2D0A56}.Release|Any CPU.Build.0 = Release|Any CPU
		{3141414C-FBEE-41CF-ADD4-6CADCF2D0A56}.Release|x64.ActiveCfg = Release|Any CPU
		{3141414C-FBEE-41CF-ADD4-6CADCF2D0A56}.Release|x64.Build.0 = Release|Any CPU
		{3141414C-FBEE-41CF-ADD4-6CADCF2D0A56}.Release|x86.ActiveCfg = Release|Any CPU
		{3141414C-FBEE-41CF-ADD4-6CADCF2D0A56}.Release|x86.Build.0 = Release|Any CPU
		{2959BC10-3D24-4A57-8EFC-EEDF6E556981}.Debug|Any CPU.ActiveCfg = Debug|Any CPU
		{2959BC10-3D24-4A57-8EFC-EEDF6E556981}.Debug|Any CPU.Build.0 = Debug|Any CPU
		{2959BC10-3D24-4A57-8EFC-EEDF6E556981}.Debug|x64.ActiveCfg = Debug|Any CPU
		{2959BC10-3D24-4A57-8EFC-EEDF6E556981}.Debug|x64.Build.0 = Debug|Any CPU
		{2959BC10-3D24-4A57-8EFC-EEDF6E556981}.Debug|x86.ActiveCfg = Debug|Any CPU
		{2959BC10-3D24-4A57-8EFC-EEDF6E556981}.Debug|x86.Build.0 = Debug|Any CPU
		{2959BC10-3D24-4A57-8EFC-EEDF6E556981}.Release|Any CPU.ActiveCfg = Release|Any CPU
		{2959BC10-3D24-4A57-8EFC-EEDF6E556981}.Release|Any CPU.Build.0 = Release|Any CPU
		{2959BC10-3D24-4A57-8EFC-EEDF6E556981}.Release|x64.ActiveCfg = Release|Any CPU
		{2959BC10-3D24-4A57-8EFC-EEDF6E556981}.Release|x64.Build.0 = Release|Any CPU
		{2959BC10-3D24-4A57-8EFC-EEDF6E556981}.Release|x86.ActiveCfg = Release|Any CPU
		{2959BC10-3D24-4A57-8EFC-EEDF6E556981}.Release|x86.Build.0 = Release|Any CPU
		{D98626CF-2335-4D93-91D3-E52E3156739D}.Debug|Any CPU.ActiveCfg = Debug|Any CPU
		{D98626CF-2335-4D93-91D3-E52E3156739D}.Debug|Any CPU.Build.0 = Debug|Any CPU
		{D98626CF-2335-4D93-91D3-E52E3156739D}.Debug|x64.ActiveCfg = Debug|Any CPU
		{D98626CF-2335-4D93-91D3-E52E3156739D}.Debug|x64.Build.0 = Debug|Any CPU
		{D98626CF-2335-4D93-91D3-E52E3156739D}.Debug|x86.ActiveCfg = Debug|Any CPU
		{D98626CF-2335-4D93-91D3-E52E3156739D}.Debug|x86.Build.0 = Debug|Any CPU
		{D98626CF-2335-4D93-91D3-E52E3156739D}.Release|Any CPU.ActiveCfg = Release|Any CPU
		{D98626CF-2335-4D93-91D3-E52E3156739D}.Release|Any CPU.Build.0 = Release|Any CPU
		{D98626CF-2335-4D93-91D3-E52E3156739D}.Release|x64.ActiveCfg = Release|Any CPU
		{D98626CF-2335-4D93-91D3-E52E3156739D}.Release|x64.Build.0 = Release|Any CPU
		{D98626CF-2335-4D93-91D3-E52E3156739D}.Release|x86.ActiveCfg = Release|Any CPU
		{D98626CF-2335-4D93-91D3-E52E3156739D}.Release|x86.Build.0 = Release|Any CPU
		{D91EC51B-572F-4ADB-A62E-6905009B0A21}.Debug|Any CPU.ActiveCfg = Debug|Any CPU
		{D91EC51B-572F-4ADB-A62E-6905009B0A21}.Debug|Any CPU.Build.0 = Debug|Any CPU
		{D91EC51B-572F-4ADB-A62E-6905009B0A21}.Debug|x64.ActiveCfg = Debug|Any CPU
		{D91EC51B-572F-4ADB-A62E-6905009B0A21}.Debug|x64.Build.0 = Debug|Any CPU
		{D91EC51B-572F-4ADB-A62E-6905009B0A21}.Debug|x86.ActiveCfg = Debug|Any CPU
		{D91EC51B-572F-4ADB-A62E-6905009B0A21}.Debug|x86.Build.0 = Debug|Any CPU
		{D91EC51B-572F-4ADB-A62E-6905009B0A21}.Release|Any CPU.ActiveCfg = Release|Any CPU
		{D91EC51B-572F-4ADB-A62E-6905009B0A21}.Release|Any CPU.Build.0 = Release|Any CPU
		{D91EC51B-572F-4ADB-A62E-6905009B0A21}.Release|x64.ActiveCfg = Release|Any CPU
		{D91EC51B-572F-4ADB-A62E-6905009B0A21}.Release|x64.Build.0 = Release|Any CPU
		{D91EC51B-572F-4ADB-A62E-6905009B0A21}.Release|x86.ActiveCfg = Release|Any CPU
		{D91EC51B-572F-4ADB-A62E-6905009B0A21}.Release|x86.Build.0 = Release|Any CPU
		{AF62EE42-871D-4868-99B2-D16C1845CD7F}.Debug|Any CPU.ActiveCfg = Debug|Any CPU
		{AF62EE42-871D-4868-99B2-D16C1845CD7F}.Debug|Any CPU.Build.0 = Debug|Any CPU
		{AF62EE42-871D-4868-99B2-D16C1845CD7F}.Debug|x64.ActiveCfg = Debug|Any CPU
		{AF62EE42-871D-4868-99B2-D16C1845CD7F}.Debug|x64.Build.0 = Debug|Any CPU
		{AF62EE42-871D-4868-99B2-D16C1845CD7F}.Debug|x86.ActiveCfg = Debug|Any CPU
		{AF62EE42-871D-4868-99B2-D16C1845CD7F}.Debug|x86.Build.0 = Debug|Any CPU
		{AF62EE42-871D-4868-99B2-D16C1845CD7F}.Release|Any CPU.ActiveCfg = Release|Any CPU
		{AF62EE42-871D-4868-99B2-D16C1845CD7F}.Release|Any CPU.Build.0 = Release|Any CPU
		{AF62EE42-871D-4868-99B2-D16C1845CD7F}.Release|x64.ActiveCfg = Release|Any CPU
		{AF62EE42-871D-4868-99B2-D16C1845CD7F}.Release|x64.Build.0 = Release|Any CPU
		{AF62EE42-871D-4868-99B2-D16C1845CD7F}.Release|x86.ActiveCfg = Release|Any CPU
		{AF62EE42-871D-4868-99B2-D16C1845CD7F}.Release|x86.Build.0 = Release|Any CPU
		{3DAD381E-D3E4-475F-818E-77E78A57F65A}.Debug|Any CPU.ActiveCfg = Debug|Any CPU
		{3DAD381E-D3E4-475F-818E-77E78A57F65A}.Debug|Any CPU.Build.0 = Debug|Any CPU
		{3DAD381E-D3E4-475F-818E-77E78A57F65A}.Debug|x64.ActiveCfg = Debug|Any CPU
		{3DAD381E-D3E4-475F-818E-77E78A57F65A}.Debug|x64.Build.0 = Debug|Any CPU
		{3DAD381E-D3E4-475F-818E-77E78A57F65A}.Debug|x86.ActiveCfg = Debug|Any CPU
		{3DAD381E-D3E4-475F-818E-77E78A57F65A}.Debug|x86.Build.0 = Debug|Any CPU
		{3DAD381E-D3E4-475F-818E-77E78A57F65A}.Release|Any CPU.ActiveCfg = Release|Any CPU
		{3DAD381E-D3E4-475F-818E-77E78A57F65A}.Release|Any CPU.Build.0 = Release|Any CPU
		{3DAD381E-D3E4-475F-818E-77E78A57F65A}.Release|x64.ActiveCfg = Release|Any CPU
		{3DAD381E-D3E4-475F-818E-77E78A57F65A}.Release|x64.Build.0 = Release|Any CPU
		{3DAD381E-D3E4-475F-818E-77E78A57F65A}.Release|x86.ActiveCfg = Release|Any CPU
		{3DAD381E-D3E4-475F-818E-77E78A57F65A}.Release|x86.Build.0 = Release|Any CPU
		{6FDEA791-BF4A-453E-9B4F-344F75DEDD70}.Debug|Any CPU.ActiveCfg = Debug|Any CPU
		{6FDEA791-BF4A-453E-9B4F-344F75DEDD70}.Debug|Any CPU.Build.0 = Debug|Any CPU
		{6FDEA791-BF4A-453E-9B4F-344F75DEDD70}.Debug|x64.ActiveCfg = Debug|Any CPU
		{6FDEA791-BF4A-453E-9B4F-344F75DEDD70}.Debug|x64.Build.0 = Debug|Any CPU
		{6FDEA791-BF4A-453E-9B4F-344F75DEDD70}.Debug|x86.ActiveCfg = Debug|Any CPU
		{6FDEA791-BF4A-453E-9B4F-344F75DEDD70}.Debug|x86.Build.0 = Debug|Any CPU
		{6FDEA791-BF4A-453E-9B4F-344F75DEDD70}.Release|Any CPU.ActiveCfg = Release|Any CPU
		{6FDEA791-BF4A-453E-9B4F-344F75DEDD70}.Release|Any CPU.Build.0 = Release|Any CPU
		{6FDEA791-BF4A-453E-9B4F-344F75DEDD70}.Release|x64.ActiveCfg = Release|Any CPU
		{6FDEA791-BF4A-453E-9B4F-344F75DEDD70}.Release|x64.Build.0 = Release|Any CPU
		{6FDEA791-BF4A-453E-9B4F-344F75DEDD70}.Release|x86.ActiveCfg = Release|Any CPU
		{6FDEA791-BF4A-453E-9B4F-344F75DEDD70}.Release|x86.Build.0 = Release|Any CPU
	EndGlobalSection
	GlobalSection(SolutionProperties) = preSolution
		HideSolutionNode = FALSE
	EndGlobalSection
	GlobalSection(NestedProjects) = preSolution
		{10829697-0EC5-43C6-BCEE-3BE114F5FEE3} = {96B9C480-0358-472E-80B3-C6312E8B4A7A}
		{3141414C-FBEE-41CF-ADD4-6CADCF2D0A56} = {9009E170-B760-4B00-9BE5-0278ED628AE5}
		{2959BC10-3D24-4A57-8EFC-EEDF6E556981} = {DCF7E67F-D631-4B36-834E-8A1F637F3078}
		{D98626CF-2335-4D93-91D3-E52E3156739D} = {DCF7E67F-D631-4B36-834E-8A1F637F3078}
		{D91EC51B-572F-4ADB-A62E-6905009B0A21} = {DCF7E67F-D631-4B36-834E-8A1F637F3078}
		{AF62EE42-871D-4868-99B2-D16C1845CD7F} = {0282B4FA-CA34-4912-BA35-55620C1DDE53}
		{3DAD381E-D3E4-475F-818E-77E78A57F65A} = {0282B4FA-CA34-4912-BA35-55620C1DDE53}
		{6FDEA791-BF4A-453E-9B4F-344F75DEDD70} = {0282B4FA-CA34-4912-BA35-55620C1DDE53}
	EndGlobalSection
	GlobalSection(ExtensibilityGlobals) = postSolution
		SolutionGuid = {06FDEB05-3F50-48CD-8B78-0A0CE614E2B5}
	EndGlobalSection
EndGlobal
